
Microsoft Visual Studio Solution File, Format Version 12.00
# Visual Studio 15
VisualStudioVersion = 15.0.27004.2008
MinimumVisualStudioVersion = 10.0.40219.1
Project("{FAE04EC0-301F-11D3-BF4B-00C04F79EFBC}") = "CustomerRegistry", "Assignment5\CustomerRegistry.csproj", "{1921A407-E4E4-45ED-AB74-A9ED077DA26C}"
EndProject
Project("{FAE04EC0-301F-11D3-BF4B-00C04F79EFBC}") = "Assignment5Test", "Assignment5Test\Assignment5Test.csproj", "{C7E92EC8-D13F-40BD-82F1-0F2D671C7D1A}"
EndProject
Global
	GlobalSection(SolutionConfigurationPlatforms) = preSolution
		Debug|Any CPU = Debug|Any CPU
		Release|Any CPU = Release|Any CPU
	EndGlobalSection
	GlobalSection(ProjectConfigurationPlatforms) = postSolution
		{1921A407-E4E4-45ED-AB74-A9ED077DA26C}.Debug|Any CPU.ActiveCfg = Debug|Any CPU
		{1921A407-E4E4-45ED-AB74-A9ED077DA26C}.Debug|Any CPU.Build.0 = Debug|Any CPU
		{1921A407-E4E4-45ED-AB74-A9ED077DA26C}.Release|Any CPU.ActiveCfg = Release|Any CPU
		{1921A407-E4E4-45ED-AB74-A9ED077DA26C}.Release|Any CPU.Build.0 = Release|Any CPU
		{C7E92EC8-D13F-40BD-82F1-0F2D671C7D1A}.Debug|Any CPU.ActiveCfg = Debug|Any CPU
		{C7E92EC8-D13F-40BD-82F1-0F2D671C7D1A}.Debug|Any CPU.Build.0 = Debug|Any CPU
		{C7E92EC8-D13F-40BD-82F1-0F2D671C7D1A}.Release|Any CPU.ActiveCfg = Release|Any CPU
		{C7E92EC8-D13F-40BD-82F1-0F2D671C7D1A}.Release|Any CPU.Build.0 = Release|Any CPU
	EndGlobalSection
	GlobalSection(SolutionProperties) = preSolution
		HideSolutionNode = FALSE
	EndGlobalSection
	GlobalSection(ExtensibilityGlobals) = postSolution
		SolutionGuid = {B2085F19-159B-4FC8-90DB-35CA84228804}
	EndGlobalSection
EndGlobal
